
Microsoft Visual Studio Solution File, Format Version 12.00
Project("{FAE04EC0-301F-11D3-BF4B-00C04F79EFBC}") = "MyClients", "MyClients\MyClients.csproj", "{92C5DF1F-B839-4743-809D-6070CEEC813C}"
EndProject
Project("{FAE04EC0-301F-11D3-BF4B-00C04F79EFBC}") = "MyClients.BLL.Tests", "MyClients.BLL.Tests\MyClients.BLL.Tests.csproj", "{D078AE21-C6F5-42ED-893B-5D28055C5F3C}"
EndProject
Project("{FAE04EC0-301F-11D3-BF4B-00C04F79EFBC}") = "MyClients.DAL", "MyClients.DAL\MyClients.DAL.csproj", "{AC982026-078F-48AA-9D79-50D3638A33CC}"
EndProject
Project("{FAE04EC0-301F-11D3-BF4B-00C04F79EFBC}") = "MyClients.Domain", "MyClients.Domain\MyClients.Domain.csproj", "{E05DC16E-964C-4BC4-BD4E-6A77748C49ED}"
EndProject
Project("{FAE04EC0-301F-11D3-BF4B-00C04F79EFBC}") = "MyClients.BLL", "MyClients.BLL\MyClients.BLL.csproj", "{0DCF99AA-F380-4C10-82C3-57E0E3E39FD8}"
EndProject
Global
	GlobalSection(SolutionConfigurationPlatforms) = preSolution
		Debug|Any CPU = Debug|Any CPU
		Release|Any CPU = Release|Any CPU
	EndGlobalSection
	GlobalSection(ProjectConfigurationPlatforms) = postSolution
		{92C5DF1F-B839-4743-809D-6070CEEC813C}.Debug|Any CPU.ActiveCfg = Debug|Any CPU
		{92C5DF1F-B839-4743-809D-6070CEEC813C}.Debug|Any CPU.Build.0 = Debug|Any CPU
		{92C5DF1F-B839-4743-809D-6070CEEC813C}.Release|Any CPU.ActiveCfg = Release|Any CPU
		{92C5DF1F-B839-4743-809D-6070CEEC813C}.Release|Any CPU.Build.0 = Release|Any CPU
		{D078AE21-C6F5-42ED-893B-5D28055C5F3C}.Debug|Any CPU.ActiveCfg = Debug|Any CPU
		{D078AE21-C6F5-42ED-893B-5D28055C5F3C}.Debug|Any CPU.Build.0 = Debug|Any CPU
		{D078AE21-C6F5-42ED-893B-5D28055C5F3C}.Release|Any CPU.ActiveCfg = Release|Any CPU
		{D078AE21-C6F5-42ED-893B-5D28055C5F3C}.Release|Any CPU.Build.0 = Release|Any CPU
		{AC982026-078F-48AA-9D79-50D3638A33CC}.Debug|Any CPU.ActiveCfg = Debug|Any CPU
		{AC982026-078F-48AA-9D79-50D3638A33CC}.Debug|Any CPU.Build.0 = Debug|Any CPU
		{AC982026-078F-48AA-9D79-50D3638A33CC}.Release|Any CPU.ActiveCfg = Release|Any CPU
		{AC982026-078F-48AA-9D79-50D3638A33CC}.Release|Any CPU.Build.0 = Release|Any CPU
		{E05DC16E-964C-4BC4-BD4E-6A77748C49ED}.Debug|Any CPU.ActiveCfg = Debug|Any CPU
		{E05DC16E-964C-4BC4-BD4E-6A77748C49ED}.Debug|Any CPU.Build.0 = Debug|Any CPU
		{E05DC16E-964C-4BC4-BD4E-6A77748C49ED}.Release|Any CPU.ActiveCfg = Release|Any CPU
		{E05DC16E-964C-4BC4-BD4E-6A77748C49ED}.Release|Any CPU.Build.0 = Release|Any CPU
		{0DCF99AA-F380-4C10-82C3-57E0E3E39FD8}.Debug|Any CPU.ActiveCfg = Debug|Any CPU
		{0DCF99AA-F380-4C10-82C3-57E0E3E39FD8}.Debug|Any CPU.Build.0 = Debug|Any CPU
		{0DCF99AA-F380-4C10-82C3-57E0E3E39FD8}.Release|Any CPU.ActiveCfg = Release|Any CPU
		{0DCF99AA-F380-4C10-82C3-57E0E3E39FD8}.Release|Any CPU.Build.0 = Release|Any CPU
	EndGlobalSection
EndGlobal
